%{
  "aht20": {:hex, :aht20, "0.4.2", "5baf755dd6f09486a64f85b9a270fcfac12f6e6c1aa1bcf8a32732389d2871a7", [:mix], [{:circuits_i2c, "~> 0.3 or ~> 1.0", [hex: :circuits_i2c, repo: "hexpm", optional: false]}], "hexpm", "554e0bc2258279278a26e4c79b28cfad7cb6cc880f5170483b41cf015a2f5367"},
  "bmp280": {:hex, :bmp280, "0.2.12", "971a0e701a9124bd8b6092b40f59fdc7b15c5ad24894008aa7a666c65abb268d", [:mix], [{:circuits_i2c, "~> 0.3.0 or ~> 1.0", [hex: :circuits_i2c, repo: "hexpm", optional: false]}], "hexpm", "41dd2cf9d6936ec3affd90ac3ec88d8ab45efb5a6d52ecb527f9a361f2247498"},
  "bmp3xx": {:hex, :bmp3xx, "0.1.6", "305a20e9f684ce7efc59185f20c17ddd3f9a5ce5fbf5fbeca1c0d17d58042d05", [:mix], [{:circuits_i2c, "~> 0.3 or ~> 1.0 or ~> 2.0", [hex: :circuits_i2c, repo: "hexpm", optional: false]}], "hexpm", "4b4f1e0eb62a9d0b8c7ffaba456e386848fa75328bc66a65e9cfa77a28e9be9d"},
  "bunt": {:hex, :bunt, "0.2.1", "e2d4792f7bc0ced7583ab54922808919518d0e57ee162901a16a1b6664ef3b14", [:mix], [], "hexpm", "a330bfb4245239787b15005e66ae6845c9cd524a288f0d141c148b02603777a5"},
  "cerlc": {:hex, :cerlc, "0.2.1", "cfe0880aa049ebcca079ca49578055aa48e7f2e9ed8ae08bd1f919d59015d03f", [:rebar3], [], "hexpm", "37f0d74a4277dcbaf64c7c47e9953dcc8060d26d86bb466ab2a86928e0181a7d"},
  "circuits_gpio": {:hex, :circuits_gpio, "2.0.0-pre.0", "122a76a90f49cc2e83483157012fb7eff194ad80787567a2a6c1bd5133b989a7", [:make, :mix], [{:elixir_make, "~> 0.6", [hex: :elixir_make, repo: "hexpm", optional: false]}], "hexpm", "454449f11527ff70da428765f725ef84263f5d68919dbb830a4868315ed0823e"},
  "circuits_i2c": {:hex, :circuits_i2c, "2.0.1", "e9ab22f078b403cafd2c5006fff448f9a790f73c04e9135b7ac22f45f2e63c5c", [:make, :mix], [{:elixir_make, "~> 0.6", [hex: :elixir_make, repo: "hexpm", optional: false]}], "hexpm", "a1567004389b49637fe34d9dd8bdf36c26a53c269e654753860b5c09532bc3c4"},
  "circuits_spi": {:hex, :circuits_spi, "2.0.0", "9198c15c7ffce5bc353e13b7c82df3fe99d7332bd7c28fb9a62c60ce1e7567dc", [:make, :mix], [{:elixir_make, "~> 0.6", [hex: :elixir_make, repo: "hexpm", optional: false]}], "hexpm", "2eddec1fe6486a16f77f72eca91d50a806f9365033d96a517381b61d747612c2"},
  "credo": {:hex, :credo, "1.7.1", "6e26bbcc9e22eefbff7e43188e69924e78818e2fe6282487d0703652bc20fd62", [:mix], [{:bunt, "~> 0.2.1", [hex: :bunt, repo: "hexpm", optional: false]}, {:file_system, "~> 0.2.8", [hex: :file_system, repo: "hexpm", optional: false]}, {:jason, "~> 1.0", [hex: :jason, repo: "hexpm", optional: false]}], "hexpm", "e9871c6095a4c0381c89b6aa98bc6260a8ba6addccf7f6a53da8849c748a58a2"},
  "credo_binary_patterns": {:hex, :credo_binary_patterns, "0.2.3", "0dabadbe3cfd8db14b69ff346c112bfadde9bf65dc7aea19c39743c8d2ed07fa", [:mix], [{:credo, "~> 1.6", [hex: :credo, repo: "hexpm", optional: false]}], "hexpm", "3c333a564ed3e27f5c9f69985a921b88ef90f131bf722d085957cc4b25b7a085"},
  "dialyxir": {:hex, :dialyxir, "1.4.2", "764a6e8e7a354f0ba95d58418178d486065ead1f69ad89782817c296d0d746a5", [:mix], [{:erlex, ">= 0.2.6", [hex: :erlex, repo: "hexpm", optional: false]}], "hexpm", "516603d8067b2fd585319e4b13d3674ad4f314a5902ba8130cd97dc902ce6bbd"},
  "earmark_parser": {:hex, :earmark_parser, "1.4.38", "b42252eddf63bda05554ba8be93a1262dc0920c721f1aaf989f5de0f73a2e367", [:mix], [], "hexpm", "2cd0907795aaef0c7e8442e376633c5b3bd6edc8dbbdc539b22f095501c1cdb6"},
  "elixir_make": {:hex, :elixir_make, "0.7.7", "7128c60c2476019ed978210c245badf08b03dbec4f24d05790ef791da11aa17c", [:mix], [{:castore, "~> 0.1 or ~> 1.0", [hex: :castore, repo: "hexpm", optional: true]}], "hexpm", "5bc19fff950fad52bbe5f211b12db9ec82c6b34a9647da0c2224b8b8464c7e6c"},
  "erlex": {:hex, :erlex, "0.2.6", "c7987d15e899c7a2f34f5420d2a2ea0d659682c06ac607572df55a43753aa12e", [:mix], [], "hexpm", "2ed2e25711feb44d52b17d2780eabf998452f6efda104877a3881c2f8c0c0c75"},
  "ex_doc": {:hex, :ex_doc, "0.30.9", "d691453495c47434c0f2052b08dd91cc32bc4e1a218f86884563448ee2502dd2", [:mix], [{:earmark_parser, "~> 1.4.31", [hex: :earmark_parser, repo: "hexpm", optional: false]}, {:makeup_elixir, "~> 0.14", [hex: :makeup_elixir, repo: "hexpm", optional: false]}, {:makeup_erlang, "~> 0.1", [hex: :makeup_erlang, repo: "hexpm", optional: false]}], "hexpm", "d7aaaf21e95dc5cddabf89063327e96867d00013963eadf2c6ad135506a8bc10"},
  "file_system": {:hex, :file_system, "0.2.10", "fb082005a9cd1711c05b5248710f8826b02d7d1784e7c3451f9c1231d4fc162d", [:mix], [], "hexpm", "41195edbfb562a593726eda3b3e8b103a309b733ad25f3d642ba49696bf715dc"},
  "jason": {:hex, :jason, "1.4.1", "af1504e35f629ddcdd6addb3513c3853991f694921b1b9368b0bd32beb9f1b63", [:mix], [{:decimal, "~> 1.0 or ~> 2.0", [hex: :decimal, repo: "hexpm", optional: true]}], "hexpm", "fbb01ecdfd565b56261302f7e1fcc27c4fb8f32d56eab74db621fc154604a7a1"},
  "makeup": {:hex, :makeup, "1.1.1", "fa0bc768698053b2b3869fa8a62616501ff9d11a562f3ce39580d60860c3a55e", [:mix], [{:nimble_parsec, "~> 1.2.2 or ~> 1.3", [hex: :nimble_parsec, repo: "hexpm", optional: false]}], "hexpm", "5dc62fbdd0de44de194898b6710692490be74baa02d9d108bc29f007783b0b48"},
  "makeup_elixir": {:hex, :makeup_elixir, "0.16.1", "cc9e3ca312f1cfeccc572b37a09980287e243648108384b97ff2b76e505c3555", [:mix], [{:makeup, "~> 1.0", [hex: :makeup, repo: "hexpm", optional: false]}, {:nimble_parsec, "~> 1.2.3 or ~> 1.3", [hex: :nimble_parsec, repo: "hexpm", optional: false]}], "hexpm", "e127a341ad1b209bd80f7bd1620a15693a9908ed780c3b763bccf7d200c767c6"},
  "makeup_erlang": {:hex, :makeup_erlang, "0.1.2", "ad87296a092a46e03b7e9b0be7631ddcf64c790fa68a9ef5323b6cbb36affc72", [:mix], [{:makeup, "~> 1.0", [hex: :makeup, repo: "hexpm", optional: false]}], "hexpm", "f3f5a1ca93ce6e092d92b6d9c049bcda58a3b617a8d888f8e7231c85630e8108"},
  "nimble_parsec": {:hex, :nimble_parsec, "1.4.0", "51f9b613ea62cfa97b25ccc2c1b4216e81df970acd8e16e8d1bdc58fef21370d", [:mix], [], "hexpm", "9c565862810fb383e9838c1dd2d7d2c437b3d13b267414ba6af33e50d2d1cf28"},
  "sgp30": {:git, "https://github.com/jjcarstens/sgp30.git", "f5332ea698c9be302530bc40c8c1c95ef732c552", [branch: "main"]},
  "sht4x": {:hex, :sht4x, "0.2.1", "8d47ffb328059f23d76ec223c5bcd53302df2efe62b82578f9f4e4098c4ef89a", [:mix], [{:cerlc, "~> 0.2.0", [hex: :cerlc, repo: "hexpm", optional: false]}, {:circuits_i2c, "~> 1.0", [hex: :circuits_i2c, repo: "hexpm", optional: false]}, {:typed_struct, "~> 0.3.0", [hex: :typed_struct, repo: "hexpm", optional: false]}], "hexpm", "72ce2da4c787ce9849e5c453b591edb0a10e6eedafd4ac3ca40c7896cf197f6f"},
  "telemetry": {:hex, :telemetry, "1.2.1", "68fdfe8d8f05a8428483a97d7aab2f268aaff24b49e0f599faa091f1d4e7f61c", [:rebar3], [], "hexpm", "dad9ce9d8effc621708f99eac538ef1cbe05d6a874dd741de2e689c47feafed5"},
  "typed_struct": {:hex, :typed_struct, "0.3.0", "939789e3c1dca39d7170c87f729127469d1315dcf99fee8e152bb774b17e7ff7", [:mix], [], "hexpm", "c50bd5c3a61fe4e198a8504f939be3d3c85903b382bde4865579bc23111d1b6d"},
}
